
Microsoft Visual Studio Solution File, Format Version 12.00
# Visual Studio Version 17
VisualStudioVersion = 17.10.35013.160
MinimumVisualStudioVersion = 10.0.40219.1
Project("{FAE04EC0-301F-11D3-BF4B-00C04F79EFBC}") = "DotNetDebugging1", "DotNetDebugging1.csproj", "{F8571B77-983B-4421-8AA1-94D0A0CE9DB9}"
EndProject
Global
	GlobalSection(SolutionConfigurationPlatforms) = preSolution
		Debug|Any CPU = Debug|Any CPU
		Release|Any CPU = Release|Any CPU
	EndGlobalSection
	GlobalSection(ProjectConfigurationPlatforms) = postSolution
		{F8571B77-983B-4421-8AA1-94D0A0CE9DB9}.Debug|Any CPU.ActiveCfg = Debug|Any CPU
		{F8571B77-983B-4421-8AA1-94D0A0CE9DB9}.Debug|Any CPU.Build.0 = Debug|Any CPU
		{F8571B77-983B-4421-8AA1-94D0A0CE9DB9}.Release|Any CPU.ActiveCfg = Release|Any CPU
		{F8571B77-983B-4421-8AA1-94D0A0CE9DB9}.Release|Any CPU.Build.0 = Release|Any CPU
	EndGlobalSection
	GlobalSection(SolutionProperties) = preSolution
		HideSolutionNode = FALSE
	EndGlobalSection
	GlobalSection(ExtensibilityGlobals) = postSolution
		SolutionGuid = {C698779F-95F7-4A76-A20C-A5735349FD69}
	EndGlobalSection
EndGlobal
